<?xml version="1.0" encoding="utf-8"?>
<Project ToolsVersion="4.0" xmlns="http://schemas.microsoft.com/developer/msbuild/2003">
  <ItemGroup>
    <Filter Include="Source Files">
      <UniqueIdentifier>{976ad3e4-1808-46cd-8e66-d5f19c550d84}</UniqueIdentifier>
      <Extensions>cpp;c;cxx;rc;def;r;odl;idl;hpj;bat</Extensions>
    </Filter>
    <Filter Include="Header Files">
      <UniqueIdentifier>{a796bda3-e3f8-46bd-ab12-f673455d961b}</UniqueIdentifier>
      <Extensions>h;hpp;hxx;hm;inl</Extensions>
    </Filter>
    <Filter Include="Resource Files">
      <UniqueIdentifier>{37d7f505-bd5d-478a-9e32-e2e7d4ba2d24}</UniqueIdentifier>
      <Extensions>ico;cur;bmp;dlg;rc2;rct;bin;rgs;gif;jpg;jpeg;jpe</Extensions>
    </Filter>
  </ItemGroup>
  <ItemGroup>
    <ClCompile Include="Basedef.cpp">
      <Filter>Source Files</Filter>
    </ClCompile>
    <ClCompile Include="CPSock.cpp">
      <Filter>Source Files</Filter>
    </ClCompile>
    <ClCompile Include="csql.cpp">
      <Filter>Source Files</Filter>
    </ClCompile>
    <ClCompile Include="DrawInfo.cpp">
      <Filter>Source Files</Filter>
    </ClCompile>
    <ClCompile Include="Server.cpp">
      <Filter>Source Files</Filter>
    </ClCompile>
    <ClCompile Include="stdafx.cpp">
      <Filter>Source Files</Filter>
    </ClCompile>
    <ClCompile Include="TNDebug.cpp">
      <Filter>Source Files</Filter>
    </ClCompile>
    <ClCompile Include="TNInfluenceMap.cpp">
      <Filter>Source Files</Filter>
    </ClCompile>
  </ItemGroup>
  <ItemGroup>
    <ClInclude Include="TNDebug.h">
      <Filter>Source Files</Filter>
    </ClInclude>
    <ClInclude Include="Basedef.h">
      <Filter>Header Files</Filter>
    </ClInclude>
    <ClInclude Include="CPSock.h">
      <Filter>Header Files</Filter>
    </ClInclude>
    <ClInclude Include="csql.h">
      <Filter>Header Files</Filter>
    </ClInclude>
    <ClInclude Include="DrawInfo.h">
      <Filter>Header Files</Filter>
    </ClInclude>
    <ClInclude Include="ItemEffect.h">
      <Filter>Header Files</Filter>
    </ClInclude>
    <ClInclude Include="Language.h">
      <Filter>Header Files</Filter>
    </ClInclude>
    <ClInclude Include="Resource.h">
      <Filter>Header Files</Filter>
    </ClInclude>
    <ClInclude Include="Server.h">
      <Filter>Header Files</Filter>
    </ClInclude>
    <ClInclude Include="stdafx.h">
      <Filter>Header Files</Filter>
    </ClInclude>
    <ClInclude Include="TNInfluenceMap.h">
      <Filter>Header Files</Filter>
    </ClInclude>
  </ItemGroup>
</Project>